
Microsoft Visual Studio Solution File, Format Version 12.00
# Visual Studio Version 17
VisualStudioVersion = 17.1.32328.378
MinimumVisualStudioVersion = 10.0.40219.1
Project("{2150E333-8FDC-42A3-9474-1A3956D46DE8}") = "Solution Items", "Solution Items", "{36D52D3E-ABF5-4CC7-9E59-410338E4A8E8}"
	ProjectSection(SolutionItems) = preProject
		.editorconfig = .editorconfig
		..\.gitignore = ..\.gitignore
		Directory.Build.props = Directory.Build.props
		Directory.Build.targets = Directory.Build.targets
		..\README.md = ..\README.md
		stylecop.json = stylecop.json
	EndProjectSection
EndProject
Project("{2150E333-8FDC-42A3-9474-1A3956D46DE8}") = "Props", "Props", "{22729404-8874-4E20-B0FE-A44D555E4209}"
	ProjectSection(SolutionItems) = preProject
		..\props\Build.props = ..\props\Build.props
		..\props\Code Analysis.props = ..\props\Code Analysis.props
		..\props\Documentation.props = ..\props\Documentation.props
		..\props\Package.props = ..\props\Package.props
		..\props\Project.props = ..\props\Project.props
		..\props\Tests.props = ..\props\Tests.props
	EndProjectSection
EndProject
Project("{2150E333-8FDC-42A3-9474-1A3956D46DE8}") = "Tests", "Tests", "{A2846992-85E4-48BB-B22B-45071EB12964}"
	ProjectSection(SolutionItems) = preProject
		tests\.editorconfig = tests\.editorconfig
	EndProjectSection
EndProject
Global
	GlobalSection(SolutionProperties) = preSolution
		HideSolutionNode = FALSE
	EndGlobalSection
	GlobalSection(NestedProjects) = preSolution
		{22729404-8874-4E20-B0FE-A44D555E4209} = {36D52D3E-ABF5-4CC7-9E59-410338E4A8E8}
		{A2846992-85E4-48BB-B22B-45071EB12964} = {36D52D3E-ABF5-4CC7-9E59-410338E4A8E8}
	EndGlobalSection
	GlobalSection(ExtensibilityGlobals) = postSolution
		SolutionGuid = {9B67CD61-2C83-465C-AFA9-977496FAEEA4}
	EndGlobalSection
EndGlobal
