
Microsoft Visual Studio Solution File, Format Version 12.00
# Visual Studio Version 17
VisualStudioVersion = 17.1.32328.378
MinimumVisualStudioVersion = 10.0.40219.1
Project("{2150E333-8FDC-42A3-9474-1A3956D46DE8}") = "Solution Items", "Solution Items", "{36D52D3E-ABF5-4CC7-9E59-410338E4A8E8}"
	ProjectSection(SolutionItems) = preProject
		.editorconfig = .editorconfig
		..\.gitignore = ..\.gitignore
		Directory.Build.props = Directory.Build.props
		Directory.Build.targets = Directory.Build.targets
		..\README.md = ..\README.md
		stylecop.json = stylecop.json
	EndProjectSection
EndProject
Project("{2150E333-8FDC-42A3-9474-1A3956D46DE8}") = "Props", "Props", "{22729404-8874-4E20-B0FE-A44D555E4209}"
	ProjectSection(SolutionItems) = preProject
		..\props\Build.props = ..\props\Build.props
		..\props\Code Analysis.props = ..\props\Code Analysis.props
		..\props\Documentation.props = ..\props\Documentation.props
		..\props\Package.props = ..\props\Package.props
		..\props\Project.props = ..\props\Project.props
		..\props\Tests.props = ..\props\Tests.props
		..\props\Version.Default.props = ..\props\Version.Default.props
	EndProjectSection
EndProject
Project("{2150E333-8FDC-42A3-9474-1A3956D46DE8}") = "Tests", "Tests", "{A2846992-85E4-48BB-B22B-45071EB12964}"
	ProjectSection(SolutionItems) = preProject
		tests\.editorconfig = tests\.editorconfig
	EndProjectSection
EndProject
Project("{9A19103F-16F7-4668-BE54-9A1E7A4F7556}") = "Systematic", "Systematic\Systematic.csproj", "{AED0DBFD-435B-4C84-A27F-001CB1C31618}"
EndProject
Project("{2150E333-8FDC-42A3-9474-1A3956D46DE8}") = "Tests", "Tests", "{D6F7F0C2-F2E0-4962-8450-B51D4AE149ED}"
EndProject
Project("{9A19103F-16F7-4668-BE54-9A1E7A4F7556}") = "Systematic.IntegrationTests", "tests\Systematic.IntegrationTests\Systematic.IntegrationTests.csproj", "{D9E4A4FC-2742-435C-BD5A-AFAFBB0DBC88}"
EndProject
Global
	GlobalSection(SolutionConfigurationPlatforms) = preSolution
		Debug|Any CPU = Debug|Any CPU
		Release|Any CPU = Release|Any CPU
	EndGlobalSection
	GlobalSection(ProjectConfigurationPlatforms) = postSolution
		{AED0DBFD-435B-4C84-A27F-001CB1C31618}.Debug|Any CPU.ActiveCfg = Debug|Any CPU
		{AED0DBFD-435B-4C84-A27F-001CB1C31618}.Debug|Any CPU.Build.0 = Debug|Any CPU
		{AED0DBFD-435B-4C84-A27F-001CB1C31618}.Release|Any CPU.ActiveCfg = Release|Any CPU
		{AED0DBFD-435B-4C84-A27F-001CB1C31618}.Release|Any CPU.Build.0 = Release|Any CPU
		{D9E4A4FC-2742-435C-BD5A-AFAFBB0DBC88}.Debug|Any CPU.ActiveCfg = Debug|Any CPU
		{D9E4A4FC-2742-435C-BD5A-AFAFBB0DBC88}.Debug|Any CPU.Build.0 = Debug|Any CPU
		{D9E4A4FC-2742-435C-BD5A-AFAFBB0DBC88}.Release|Any CPU.ActiveCfg = Release|Any CPU
		{D9E4A4FC-2742-435C-BD5A-AFAFBB0DBC88}.Release|Any CPU.Build.0 = Release|Any CPU
	EndGlobalSection
	GlobalSection(SolutionProperties) = preSolution
		HideSolutionNode = FALSE
	EndGlobalSection
	GlobalSection(NestedProjects) = preSolution
		{22729404-8874-4E20-B0FE-A44D555E4209} = {36D52D3E-ABF5-4CC7-9E59-410338E4A8E8}
		{A2846992-85E4-48BB-B22B-45071EB12964} = {36D52D3E-ABF5-4CC7-9E59-410338E4A8E8}
		{D9E4A4FC-2742-435C-BD5A-AFAFBB0DBC88} = {D6F7F0C2-F2E0-4962-8450-B51D4AE149ED}
	EndGlobalSection
	GlobalSection(ExtensibilityGlobals) = postSolution
		SolutionGuid = {9B67CD61-2C83-465C-AFA9-977496FAEEA4}
	EndGlobalSection
EndGlobal
